
Microsoft Visual Studio Solution File, Format Version 12.00
# Visual Studio Version 17
VisualStudioVersion = 17.3.32922.545
MinimumVisualStudioVersion = 10.0.40219.1
Project("{9A19103F-16F7-4668-BE54-9A1E7A4F7556}") = "SimpleBlazorPW", "SimpleBlazorPW\SimpleBlazorPW.csproj", "{7DC48E30-655C-40DD-B05C-AA519C11509E}"
EndProject
Project("{9A19103F-16F7-4668-BE54-9A1E7A4F7556}") = "SimpleEncryptionLibrary", "SimpleEncryptionLibrary\SimpleEncryptionLibrary.csproj", "{CC6E98FC-6A51-40CE-8DAA-A231486F77F3}"
EndProject
Global
	GlobalSection(SolutionConfigurationPlatforms) = preSolution
		Debug|Any CPU = Debug|Any CPU
		Release|Any CPU = Release|Any CPU
	EndGlobalSection
	GlobalSection(ProjectConfigurationPlatforms) = postSolution
		{7DC48E30-655C-40DD-B05C-AA519C11509E}.Debug|Any CPU.ActiveCfg = Debug|Any CPU
		{7DC48E30-655C-40DD-B05C-AA519C11509E}.Debug|Any CPU.Build.0 = Debug|Any CPU
		{7DC48E30-655C-40DD-B05C-AA519C11509E}.Release|Any CPU.ActiveCfg = Release|Any CPU
		{7DC48E30-655C-40DD-B05C-AA519C11509E}.Release|Any CPU.Build.0 = Release|Any CPU
		{CC6E98FC-6A51-40CE-8DAA-A231486F77F3}.Debug|Any CPU.ActiveCfg = Debug|Any CPU
		{CC6E98FC-6A51-40CE-8DAA-A231486F77F3}.Debug|Any CPU.Build.0 = Debug|Any CPU
		{CC6E98FC-6A51-40CE-8DAA-A231486F77F3}.Release|Any CPU.ActiveCfg = Release|Any CPU
		{CC6E98FC-6A51-40CE-8DAA-A231486F77F3}.Release|Any CPU.Build.0 = Release|Any CPU
	EndGlobalSection
	GlobalSection(SolutionProperties) = preSolution
		HideSolutionNode = FALSE
	EndGlobalSection
	GlobalSection(ExtensibilityGlobals) = postSolution
		SolutionGuid = {A95406B2-2C3E-4641-943E-AEC8FCECCA91}
	EndGlobalSection
EndGlobal
